
Microsoft Visual Studio Solution File, Format Version 12.00
# Visual Studio 15
VisualStudioVersion = 15.0.28010.2016
MinimumVisualStudioVersion = 10.0.40219.1
Project("{FAE04EC0-301F-11D3-BF4B-00C04F79EFBC}") = "AMERICA", "AMERICA\AMERICA.csproj", "{38D8937B-635B-4597-BA00-1B4A76677328}"
EndProject
Global
	GlobalSection(SolutionConfigurationPlatforms) = preSolution
		Debug|Any CPU = Debug|Any CPU
		Release|Any CPU = Release|Any CPU
	EndGlobalSection
	GlobalSection(ProjectConfigurationPlatforms) = postSolution
		{38D8937B-635B-4597-BA00-1B4A76677328}.Debug|Any CPU.ActiveCfg = Debug|Any CPU
		{38D8937B-635B-4597-BA00-1B4A76677328}.Debug|Any CPU.Build.0 = Debug|Any CPU
		{38D8937B-635B-4597-BA00-1B4A76677328}.Release|Any CPU.ActiveCfg = Release|Any CPU
		{38D8937B-635B-4597-BA00-1B4A76677328}.Release|Any CPU.Build.0 = Release|Any CPU
	EndGlobalSection
	GlobalSection(SolutionProperties) = preSolution
		HideSolutionNode = FALSE
	EndGlobalSection
	GlobalSection(ExtensibilityGlobals) = postSolution
		SolutionGuid = {0E626215-E988-4AA0-9311-384FED270779}
	EndGlobalSection
EndGlobal
